
Microsoft Visual Studio Solution File, Format Version 12.00
# Visual Studio Version 16
VisualStudioVersion = 16.0.31105.61
MinimumVisualStudioVersion = 10.0.40219.1
Project("{2150E333-8FDC-42A3-9474-1A3956D46DE8}") = "CMakePredefinedTargets", "CMakePredefinedTargets", "{93B3F353-42B6-3E76-A6E4-B4F251448E01}"
EndProject
Project("{2150E333-8FDC-42A3-9474-1A3956D46DE8}") = "External", "External", "{61C3CB35-A70D-3C6E-9A3A-3CAD386A1542}"
EndProject
Project("{2150E333-8FDC-42A3-9474-1A3956D46DE8}") = "Internal", "Internal", "{F96727C3-C3C9-3DE8-99DA-E95E62DDA2A6}"
EndProject
Project("{2150E333-8FDC-42A3-9474-1A3956D46DE8}") = "Utils", "Utils", "{BD6C91F9-8ADD-3E0E-9A6F-1A6E16F33560}"
EndProject
Project("{8BC9CEB8-8B4A-11D0-8D11-00A0C91BC942}") = "SYNC_RESOURCE-SurviveNuclearBomb", "SYNC_RESOURCE-SurviveNuclearBomb.vcxproj", "{28C2D4D5-54EB-3514-8467-01928849EB97}"
	ProjectSection(ProjectDependencies) = postProject
		{CBC69FFD-67C7-30E3-82EF-E23014983402} = {CBC69FFD-67C7-30E3-82EF-E23014983402}
	EndProjectSection
EndProject
Project("{8BC9CEB8-8B4A-11D0-8D11-00A0C91BC942}") = "SurviveNuclearBomb", "SurviveNuclearBomb.vcxproj", "{7AFFDCF3-5DFF-389A-AD30-B9EBCBC303C2}"
	ProjectSection(ProjectDependencies) = postProject
		{28C2D4D5-54EB-3514-8467-01928849EB97} = {28C2D4D5-54EB-3514-8467-01928849EB97}
		{CBC69FFD-67C7-30E3-82EF-E23014983402} = {CBC69FFD-67C7-30E3-82EF-E23014983402}
		{0F59C1FF-4278-3DD3-9C31-F06C24582BAF} = {0F59C1FF-4278-3DD3-9C31-F06C24582BAF}
		{54C04BF6-804D-38D8-830E-FFD363A81AEE} = {54C04BF6-804D-38D8-830E-FFD363A81AEE}
		{0D03C6A7-05AE-36FF-A03D-256B2DD74201} = {0D03C6A7-05AE-36FF-A03D-256B2DD74201}
		{34D04D2E-55E4-30F2-9881-5C43F0DC0823} = {34D04D2E-55E4-30F2-9881-5C43F0DC0823}
		{54EC8E0F-D144-3DFD-B44B-85EA4A688CC7} = {54EC8E0F-D144-3DFD-B44B-85EA4A688CC7}
		{AA0087AB-06A2-3469-A29E-83F5DD4EE0D5} = {AA0087AB-06A2-3469-A29E-83F5DD4EE0D5}
		{DB189DB1-FA62-3B5F-BA63-9744999F8C04} = {DB189DB1-FA62-3B5F-BA63-9744999F8C04}
		{D0C6381C-B76F-3CC5-B7B7-9A3DB3D483CC} = {D0C6381C-B76F-3CC5-B7B7-9A3DB3D483CC}
		{63FC8DE9-14AE-3F03-982D-F996F54407BD} = {63FC8DE9-14AE-3F03-982D-F996F54407BD}
		{CE555305-694B-3223-9B9D-B7FB274D3037} = {CE555305-694B-3223-9B9D-B7FB274D3037}
		{9A079D05-A2BD-3366-8359-CD221CCC4D0B} = {9A079D05-A2BD-3366-8359-CD221CCC4D0B}
		{A13ABCCA-5F5F-37AF-96C2-05413081778F} = {A13ABCCA-5F5F-37AF-96C2-05413081778F}
	EndProjectSection
EndProject
Project("{8BC9CEB8-8B4A-11D0-8D11-00A0C91BC942}") = "ZERO_CHECK", "ZERO_CHECK.vcxproj", "{CBC69FFD-67C7-30E3-82EF-E23014983402}"
EndProject
Project("{8BC9CEB8-8B4A-11D0-8D11-00A0C91BC942}") = "cocos2d", "engine\cocos\core\cocos2d.vcxproj", "{0F59C1FF-4278-3DD3-9C31-F06C24582BAF}"
	ProjectSection(ProjectDependencies) = postProject
		{CBC69FFD-67C7-30E3-82EF-E23014983402} = {CBC69FFD-67C7-30E3-82EF-E23014983402}
		{54C04BF6-804D-38D8-830E-FFD363A81AEE} = {54C04BF6-804D-38D8-830E-FFD363A81AEE}
		{0D03C6A7-05AE-36FF-A03D-256B2DD74201} = {0D03C6A7-05AE-36FF-A03D-256B2DD74201}
		{34D04D2E-55E4-30F2-9881-5C43F0DC0823} = {34D04D2E-55E4-30F2-9881-5C43F0DC0823}
		{54EC8E0F-D144-3DFD-B44B-85EA4A688CC7} = {54EC8E0F-D144-3DFD-B44B-85EA4A688CC7}
		{AA0087AB-06A2-3469-A29E-83F5DD4EE0D5} = {AA0087AB-06A2-3469-A29E-83F5DD4EE0D5}
		{DB189DB1-FA62-3B5F-BA63-9744999F8C04} = {DB189DB1-FA62-3B5F-BA63-9744999F8C04}
		{D0C6381C-B76F-3CC5-B7B7-9A3DB3D483CC} = {D0C6381C-B76F-3CC5-B7B7-9A3DB3D483CC}
		{63FC8DE9-14AE-3F03-982D-F996F54407BD} = {63FC8DE9-14AE-3F03-982D-F996F54407BD}
		{CE555305-694B-3223-9B9D-B7FB274D3037} = {CE555305-694B-3223-9B9D-B7FB274D3037}
		{9A079D05-A2BD-3366-8359-CD221CCC4D0B} = {9A079D05-A2BD-3366-8359-CD221CCC4D0B}
		{A13ABCCA-5F5F-37AF-96C2-05413081778F} = {A13ABCCA-5F5F-37AF-96C2-05413081778F}
	EndProjectSection
EndProject
Project("{8BC9CEB8-8B4A-11D0-8D11-00A0C91BC942}") = "ext_clipper", "engine\external\clipper\ext_clipper.vcxproj", "{54C04BF6-804D-38D8-830E-FFD363A81AEE}"
	ProjectSection(ProjectDependencies) = postProject
		{CBC69FFD-67C7-30E3-82EF-E23014983402} = {CBC69FFD-67C7-30E3-82EF-E23014983402}
	EndProjectSection
EndProject
Project("{8BC9CEB8-8B4A-11D0-8D11-00A0C91BC942}") = "ext_convertUTF", "engine\external\ConvertUTF\ext_convertUTF.vcxproj", "{0D03C6A7-05AE-36FF-A03D-256B2DD74201}"
	ProjectSection(ProjectDependencies) = postProject
		{CBC69FFD-67C7-30E3-82EF-E23014983402} = {CBC69FFD-67C7-30E3-82EF-E23014983402}
	EndProjectSection
EndProject
Project("{8BC9CEB8-8B4A-11D0-8D11-00A0C91BC942}") = "ext_edtaa3func", "engine\external\edtaa3func\ext_edtaa3func.vcxproj", "{34D04D2E-55E4-30F2-9881-5C43F0DC0823}"
	ProjectSection(ProjectDependencies) = postProject
		{CBC69FFD-67C7-30E3-82EF-E23014983402} = {CBC69FFD-67C7-30E3-82EF-E23014983402}
	EndProjectSection
EndProject
Project("{8BC9CEB8-8B4A-11D0-8D11-00A0C91BC942}") = "ext_md5", "engine\external\md5\ext_md5.vcxproj", "{54EC8E0F-D144-3DFD-B44B-85EA4A688CC7}"
	ProjectSection(ProjectDependencies) = postProject
		{CBC69FFD-67C7-30E3-82EF-E23014983402} = {CBC69FFD-67C7-30E3-82EF-E23014983402}
	EndProjectSection
EndProject
Project("{8BC9CEB8-8B4A-11D0-8D11-00A0C91BC942}") = "ext_poly2tri", "engine\external\poly2tri\ext_poly2tri.vcxproj", "{AA0087AB-06A2-3469-A29E-83F5DD4EE0D5}"
	ProjectSection(ProjectDependencies) = postProject
		{CBC69FFD-67C7-30E3-82EF-E23014983402} = {CBC69FFD-67C7-30E3-82EF-E23014983402}
	EndProjectSection
EndProject
Project("{8BC9CEB8-8B4A-11D0-8D11-00A0C91BC942}") = "ext_recast", "engine\external\recast\ext_recast.vcxproj", "{DB189DB1-FA62-3B5F-BA63-9744999F8C04}"
	ProjectSection(ProjectDependencies) = postProject
		{CBC69FFD-67C7-30E3-82EF-E23014983402} = {CBC69FFD-67C7-30E3-82EF-E23014983402}
	EndProjectSection
EndProject
Project("{8BC9CEB8-8B4A-11D0-8D11-00A0C91BC942}") = "ext_tinyxml2", "engine\external\tinyxml2\ext_tinyxml2.vcxproj", "{D0C6381C-B76F-3CC5-B7B7-9A3DB3D483CC}"
	ProjectSection(ProjectDependencies) = postProject
		{CBC69FFD-67C7-30E3-82EF-E23014983402} = {CBC69FFD-67C7-30E3-82EF-E23014983402}
	EndProjectSection
EndProject
Project("{8BC9CEB8-8B4A-11D0-8D11-00A0C91BC942}") = "ext_unzip", "engine\external\unzip\ext_unzip.vcxproj", "{63FC8DE9-14AE-3F03-982D-F996F54407BD}"
	ProjectSection(ProjectDependencies) = postProject
		{CBC69FFD-67C7-30E3-82EF-E23014983402} = {CBC69FFD-67C7-30E3-82EF-E23014983402}
	EndProjectSection
EndProject
Project("{8BC9CEB8-8B4A-11D0-8D11-00A0C91BC942}") = "ext_xxhash", "engine\external\xxhash\ext_xxhash.vcxproj", "{CE555305-694B-3223-9B9D-B7FB274D3037}"
	ProjectSection(ProjectDependencies) = postProject
		{CBC69FFD-67C7-30E3-82EF-E23014983402} = {CBC69FFD-67C7-30E3-82EF-E23014983402}
	EndProjectSection
EndProject
Project("{8BC9CEB8-8B4A-11D0-8D11-00A0C91BC942}") = "ext_xxtea", "engine\external\xxtea\ext_xxtea.vcxproj", "{9A079D05-A2BD-3366-8359-CD221CCC4D0B}"
	ProjectSection(ProjectDependencies) = postProject
		{CBC69FFD-67C7-30E3-82EF-E23014983402} = {CBC69FFD-67C7-30E3-82EF-E23014983402}
	EndProjectSection
EndProject
Project("{8BC9CEB8-8B4A-11D0-8D11-00A0C91BC942}") = "external", "engine\external\external.vcxproj", "{A13ABCCA-5F5F-37AF-96C2-05413081778F}"
	ProjectSection(ProjectDependencies) = postProject
		{CBC69FFD-67C7-30E3-82EF-E23014983402} = {CBC69FFD-67C7-30E3-82EF-E23014983402}
		{54C04BF6-804D-38D8-830E-FFD363A81AEE} = {54C04BF6-804D-38D8-830E-FFD363A81AEE}
		{0D03C6A7-05AE-36FF-A03D-256B2DD74201} = {0D03C6A7-05AE-36FF-A03D-256B2DD74201}
		{34D04D2E-55E4-30F2-9881-5C43F0DC0823} = {34D04D2E-55E4-30F2-9881-5C43F0DC0823}
		{54EC8E0F-D144-3DFD-B44B-85EA4A688CC7} = {54EC8E0F-D144-3DFD-B44B-85EA4A688CC7}
		{AA0087AB-06A2-3469-A29E-83F5DD4EE0D5} = {AA0087AB-06A2-3469-A29E-83F5DD4EE0D5}
		{DB189DB1-FA62-3B5F-BA63-9744999F8C04} = {DB189DB1-FA62-3B5F-BA63-9744999F8C04}
		{D0C6381C-B76F-3CC5-B7B7-9A3DB3D483CC} = {D0C6381C-B76F-3CC5-B7B7-9A3DB3D483CC}
		{63FC8DE9-14AE-3F03-982D-F996F54407BD} = {63FC8DE9-14AE-3F03-982D-F996F54407BD}
		{CE555305-694B-3223-9B9D-B7FB274D3037} = {CE555305-694B-3223-9B9D-B7FB274D3037}
		{9A079D05-A2BD-3366-8359-CD221CCC4D0B} = {9A079D05-A2BD-3366-8359-CD221CCC4D0B}
	EndProjectSection
EndProject
Global
	GlobalSection(SolutionConfigurationPlatforms) = preSolution
		Debug|Win32 = Debug|Win32
		MinSizeRel|Win32 = MinSizeRel|Win32
		Release|Win32 = Release|Win32
		RelWithDebInfo|Win32 = RelWithDebInfo|Win32
	EndGlobalSection
	GlobalSection(ProjectConfigurationPlatforms) = postSolution
		{28C2D4D5-54EB-3514-8467-01928849EB97}.Debug|Win32.ActiveCfg = Debug|Win32
		{28C2D4D5-54EB-3514-8467-01928849EB97}.Debug|Win32.Build.0 = Debug|Win32
		{28C2D4D5-54EB-3514-8467-01928849EB97}.MinSizeRel|Win32.ActiveCfg = MinSizeRel|Win32
		{28C2D4D5-54EB-3514-8467-01928849EB97}.MinSizeRel|Win32.Build.0 = MinSizeRel|Win32
		{28C2D4D5-54EB-3514-8467-01928849EB97}.Release|Win32.ActiveCfg = Release|Win32
		{28C2D4D5-54EB-3514-8467-01928849EB97}.Release|Win32.Build.0 = Release|Win32
		{28C2D4D5-54EB-3514-8467-01928849EB97}.RelWithDebInfo|Win32.ActiveCfg = RelWithDebInfo|Win32
		{28C2D4D5-54EB-3514-8467-01928849EB97}.RelWithDebInfo|Win32.Build.0 = RelWithDebInfo|Win32
		{7AFFDCF3-5DFF-389A-AD30-B9EBCBC303C2}.Debug|Win32.ActiveCfg = Debug|Win32
		{7AFFDCF3-5DFF-389A-AD30-B9EBCBC303C2}.Debug|Win32.Build.0 = Debug|Win32
		{7AFFDCF3-5DFF-389A-AD30-B9EBCBC303C2}.MinSizeRel|Win32.ActiveCfg = MinSizeRel|Win32
		{7AFFDCF3-5DFF-389A-AD30-B9EBCBC303C2}.MinSizeRel|Win32.Build.0 = MinSizeRel|Win32
		{7AFFDCF3-5DFF-389A-AD30-B9EBCBC303C2}.Release|Win32.ActiveCfg = Release|Win32
		{7AFFDCF3-5DFF-389A-AD30-B9EBCBC303C2}.Release|Win32.Build.0 = Release|Win32
		{7AFFDCF3-5DFF-389A-AD30-B9EBCBC303C2}.RelWithDebInfo|Win32.ActiveCfg = RelWithDebInfo|Win32
		{7AFFDCF3-5DFF-389A-AD30-B9EBCBC303C2}.RelWithDebInfo|Win32.Build.0 = RelWithDebInfo|Win32
		{CBC69FFD-67C7-30E3-82EF-E23014983402}.Debug|Win32.ActiveCfg = Debug|Win32
		{CBC69FFD-67C7-30E3-82EF-E23014983402}.Debug|Win32.Build.0 = Debug|Win32
		{CBC69FFD-67C7-30E3-82EF-E23014983402}.MinSizeRel|Win32.ActiveCfg = MinSizeRel|Win32
		{CBC69FFD-67C7-30E3-82EF-E23014983402}.MinSizeRel|Win32.Build.0 = MinSizeRel|Win32
		{CBC69FFD-67C7-30E3-82EF-E23014983402}.Release|Win32.ActiveCfg = Release|Win32
		{CBC69FFD-67C7-30E3-82EF-E23014983402}.Release|Win32.Build.0 = Release|Win32
		{CBC69FFD-67C7-30E3-82EF-E23014983402}.RelWithDebInfo|Win32.ActiveCfg = RelWithDebInfo|Win32
		{CBC69FFD-67C7-30E3-82EF-E23014983402}.RelWithDebInfo|Win32.Build.0 = RelWithDebInfo|Win32
		{0F59C1FF-4278-3DD3-9C31-F06C24582BAF}.Debug|Win32.ActiveCfg = Debug|Win32
		{0F59C1FF-4278-3DD3-9C31-F06C24582BAF}.Debug|Win32.Build.0 = Debug|Win32
		{0F59C1FF-4278-3DD3-9C31-F06C24582BAF}.MinSizeRel|Win32.ActiveCfg = MinSizeRel|Win32
		{0F59C1FF-4278-3DD3-9C31-F06C24582BAF}.MinSizeRel|Win32.Build.0 = MinSizeRel|Win32
		{0F59C1FF-4278-3DD3-9C31-F06C24582BAF}.Release|Win32.ActiveCfg = Release|Win32
		{0F59C1FF-4278-3DD3-9C31-F06C24582BAF}.Release|Win32.Build.0 = Release|Win32
		{0F59C1FF-4278-3DD3-9C31-F06C24582BAF}.RelWithDebInfo|Win32.ActiveCfg = RelWithDebInfo|Win32
		{0F59C1FF-4278-3DD3-9C31-F06C24582BAF}.RelWithDebInfo|Win32.Build.0 = RelWithDebInfo|Win32
		{54C04BF6-804D-38D8-830E-FFD363A81AEE}.Debug|Win32.ActiveCfg = Debug|Win32
		{54C04BF6-804D-38D8-830E-FFD363A81AEE}.Debug|Win32.Build.0 = Debug|Win32
		{54C04BF6-804D-38D8-830E-FFD363A81AEE}.MinSizeRel|Win32.ActiveCfg = MinSizeRel|Win32
		{54C04BF6-804D-38D8-830E-FFD363A81AEE}.MinSizeRel|Win32.Build.0 = MinSizeRel|Win32
		{54C04BF6-804D-38D8-830E-FFD363A81AEE}.Release|Win32.ActiveCfg = Release|Win32
		{54C04BF6-804D-38D8-830E-FFD363A81AEE}.Release|Win32.Build.0 = Release|Win32
		{54C04BF6-804D-38D8-830E-FFD363A81AEE}.RelWithDebInfo|Win32.ActiveCfg = RelWithDebInfo|Win32
		{54C04BF6-804D-38D8-830E-FFD363A81AEE}.RelWithDebInfo|Win32.Build.0 = RelWithDebInfo|Win32
		{0D03C6A7-05AE-36FF-A03D-256B2DD74201}.Debug|Win32.ActiveCfg = Debug|Win32
		{0D03C6A7-05AE-36FF-A03D-256B2DD74201}.Debug|Win32.Build.0 = Debug|Win32
		{0D03C6A7-05AE-36FF-A03D-256B2DD74201}.MinSizeRel|Win32.ActiveCfg = MinSizeRel|Win32
		{0D03C6A7-05AE-36FF-A03D-256B2DD74201}.MinSizeRel|Win32.Build.0 = MinSizeRel|Win32
		{0D03C6A7-05AE-36FF-A03D-256B2DD74201}.Release|Win32.ActiveCfg = Release|Win32
		{0D03C6A7-05AE-36FF-A03D-256B2DD74201}.Release|Win32.Build.0 = Release|Win32
		{0D03C6A7-05AE-36FF-A03D-256B2DD74201}.RelWithDebInfo|Win32.ActiveCfg = RelWithDebInfo|Win32
		{0D03C6A7-05AE-36FF-A03D-256B2DD74201}.RelWithDebInfo|Win32.Build.0 = RelWithDebInfo|Win32
		{34D04D2E-55E4-30F2-9881-5C43F0DC0823}.Debug|Win32.ActiveCfg = Debug|Win32
		{34D04D2E-55E4-30F2-9881-5C43F0DC0823}.Debug|Win32.Build.0 = Debug|Win32
		{34D04D2E-55E4-30F2-9881-5C43F0DC0823}.MinSizeRel|Win32.ActiveCfg = MinSizeRel|Win32
		{34D04D2E-55E4-30F2-9881-5C43F0DC0823}.MinSizeRel|Win32.Build.0 = MinSizeRel|Win32
		{34D04D2E-55E4-30F2-9881-5C43F0DC0823}.Release|Win32.ActiveCfg = Release|Win32
		{34D04D2E-55E4-30F2-9881-5C43F0DC0823}.Release|Win32.Build.0 = Release|Win32
		{34D04D2E-55E4-30F2-9881-5C43F0DC0823}.RelWithDebInfo|Win32.ActiveCfg = RelWithDebInfo|Win32
		{34D04D2E-55E4-30F2-9881-5C43F0DC0823}.RelWithDebInfo|Win32.Build.0 = RelWithDebInfo|Win32
		{54EC8E0F-D144-3DFD-B44B-85EA4A688CC7}.Debug|Win32.ActiveCfg = Debug|Win32
		{54EC8E0F-D144-3DFD-B44B-85EA4A688CC7}.Debug|Win32.Build.0 = Debug|Win32
		{54EC8E0F-D144-3DFD-B44B-85EA4A688CC7}.MinSizeRel|Win32.ActiveCfg = MinSizeRel|Win32
		{54EC8E0F-D144-3DFD-B44B-85EA4A688CC7}.MinSizeRel|Win32.Build.0 = MinSizeRel|Win32
		{54EC8E0F-D144-3DFD-B44B-85EA4A688CC7}.Release|Win32.ActiveCfg = Release|Win32
		{54EC8E0F-D144-3DFD-B44B-85EA4A688CC7}.Release|Win32.Build.0 = Release|Win32
		{54EC8E0F-D144-3DFD-B44B-85EA4A688CC7}.RelWithDebInfo|Win32.ActiveCfg = RelWithDebInfo|Win32
		{54EC8E0F-D144-3DFD-B44B-85EA4A688CC7}.RelWithDebInfo|Win32.Build.0 = RelWithDebInfo|Win32
		{AA0087AB-06A2-3469-A29E-83F5DD4EE0D5}.Debug|Win32.ActiveCfg = Debug|Win32
		{AA0087AB-06A2-3469-A29E-83F5DD4EE0D5}.Debug|Win32.Build.0 = Debug|Win32
		{AA0087AB-06A2-3469-A29E-83F5DD4EE0D5}.MinSizeRel|Win32.ActiveCfg = MinSizeRel|Win32
		{AA0087AB-06A2-3469-A29E-83F5DD4EE0D5}.MinSizeRel|Win32.Build.0 = MinSizeRel|Win32
		{AA0087AB-06A2-3469-A29E-83F5DD4EE0D5}.Release|Win32.ActiveCfg = Release|Win32
		{AA0087AB-06A2-3469-A29E-83F5DD4EE0D5}.Release|Win32.Build.0 = Release|Win32
		{AA0087AB-06A2-3469-A29E-83F5DD4EE0D5}.RelWithDebInfo|Win32.ActiveCfg = RelWithDebInfo|Win32
		{AA0087AB-06A2-3469-A29E-83F5DD4EE0D5}.RelWithDebInfo|Win32.Build.0 = RelWithDebInfo|Win32
		{DB189DB1-FA62-3B5F-BA63-9744999F8C04}.Debug|Win32.ActiveCfg = Debug|Win32
		{DB189DB1-FA62-3B5F-BA63-9744999F8C04}.Debug|Win32.Build.0 = Debug|Win32
		{DB189DB1-FA62-3B5F-BA63-9744999F8C04}.MinSizeRel|Win32.ActiveCfg = MinSizeRel|Win32
		{DB189DB1-FA62-3B5F-BA63-9744999F8C04}.MinSizeRel|Win32.Build.0 = MinSizeRel|Win32
		{DB189DB1-FA62-3B5F-BA63-9744999F8C04}.Release|Win32.ActiveCfg = Release|Win32
		{DB189DB1-FA62-3B5F-BA63-9744999F8C04}.Release|Win32.Build.0 = Release|Win32
		{DB189DB1-FA62-3B5F-BA63-9744999F8C04}.RelWithDebInfo|Win32.ActiveCfg = RelWithDebInfo|Win32
		{DB189DB1-FA62-3B5F-BA63-9744999F8C04}.RelWithDebInfo|Win32.Build.0 = RelWithDebInfo|Win32
		{D0C6381C-B76F-3CC5-B7B7-9A3DB3D483CC}.Debug|Win32.ActiveCfg = Debug|Win32
		{D0C6381C-B76F-3CC5-B7B7-9A3DB3D483CC}.Debug|Win32.Build.0 = Debug|Win32
		{D0C6381C-B76F-3CC5-B7B7-9A3DB3D483CC}.MinSizeRel|Win32.ActiveCfg = MinSizeRel|Win32
		{D0C6381C-B76F-3CC5-B7B7-9A3DB3D483CC}.MinSizeRel|Win32.Build.0 = MinSizeRel|Win32
		{D0C6381C-B76F-3CC5-B7B7-9A3DB3D483CC}.Release|Win32.ActiveCfg = Release|Win32
		{D0C6381C-B76F-3CC5-B7B7-9A3DB3D483CC}.Release|Win32.Build.0 = Release|Win32
		{D0C6381C-B76F-3CC5-B7B7-9A3DB3D483CC}.RelWithDebInfo|Win32.ActiveCfg = RelWithDebInfo|Win32
		{D0C6381C-B76F-3CC5-B7B7-9A3DB3D483CC}.RelWithDebInfo|Win32.Build.0 = RelWithDebInfo|Win32
		{63FC8DE9-14AE-3F03-982D-F996F54407BD}.Debug|Win32.ActiveCfg = Debug|Win32
		{63FC8DE9-14AE-3F03-982D-F996F54407BD}.Debug|Win32.Build.0 = Debug|Win32
		{63FC8DE9-14AE-3F03-982D-F996F54407BD}.MinSizeRel|Win32.ActiveCfg = MinSizeRel|Win32
		{63FC8DE9-14AE-3F03-982D-F996F54407BD}.MinSizeRel|Win32.Build.0 = MinSizeRel|Win32
		{63FC8DE9-14AE-3F03-982D-F996F54407BD}.Release|Win32.ActiveCfg = Release|Win32
		{63FC8DE9-14AE-3F03-982D-F996F54407BD}.Release|Win32.Build.0 = Release|Win32
		{63FC8DE9-14AE-3F03-982D-F996F54407BD}.RelWithDebInfo|Win32.ActiveCfg = RelWithDebInfo|Win32
		{63FC8DE9-14AE-3F03-982D-F996F54407BD}.RelWithDebInfo|Win32.Build.0 = RelWithDebInfo|Win32
		{CE555305-694B-3223-9B9D-B7FB274D3037}.Debug|Win32.ActiveCfg = Debug|Win32
		{CE555305-694B-3223-9B9D-B7FB274D3037}.Debug|Win32.Build.0 = Debug|Win32
		{CE555305-694B-3223-9B9D-B7FB274D3037}.MinSizeRel|Win32.ActiveCfg = MinSizeRel|Win32
		{CE555305-694B-3223-9B9D-B7FB274D3037}.MinSizeRel|Win32.Build.0 = MinSizeRel|Win32
		{CE555305-694B-3223-9B9D-B7FB274D3037}.Release|Win32.ActiveCfg = Release|Win32
		{CE555305-694B-3223-9B9D-B7FB274D3037}.Release|Win32.Build.0 = Release|Win32
		{CE555305-694B-3223-9B9D-B7FB274D3037}.RelWithDebInfo|Win32.ActiveCfg = RelWithDebInfo|Win32
		{CE555305-694B-3223-9B9D-B7FB274D3037}.RelWithDebInfo|Win32.Build.0 = RelWithDebInfo|Win32
		{9A079D05-A2BD-3366-8359-CD221CCC4D0B}.Debug|Win32.ActiveCfg = Debug|Win32
		{9A079D05-A2BD-3366-8359-CD221CCC4D0B}.Debug|Win32.Build.0 = Debug|Win32
		{9A079D05-A2BD-3366-8359-CD221CCC4D0B}.MinSizeRel|Win32.ActiveCfg = MinSizeRel|Win32
		{9A079D05-A2BD-3366-8359-CD221CCC4D0B}.MinSizeRel|Win32.Build.0 = MinSizeRel|Win32
		{9A079D05-A2BD-3366-8359-CD221CCC4D0B}.Release|Win32.ActiveCfg = Release|Win32
		{9A079D05-A2BD-3366-8359-CD221CCC4D0B}.Release|Win32.Build.0 = Release|Win32
		{9A079D05-A2BD-3366-8359-CD221CCC4D0B}.RelWithDebInfo|Win32.ActiveCfg = RelWithDebInfo|Win32
		{9A079D05-A2BD-3366-8359-CD221CCC4D0B}.RelWithDebInfo|Win32.Build.0 = RelWithDebInfo|Win32
		{A13ABCCA-5F5F-37AF-96C2-05413081778F}.Debug|Win32.ActiveCfg = Debug|Win32
		{A13ABCCA-5F5F-37AF-96C2-05413081778F}.Debug|Win32.Build.0 = Debug|Win32
		{A13ABCCA-5F5F-37AF-96C2-05413081778F}.MinSizeRel|Win32.ActiveCfg = MinSizeRel|Win32
		{A13ABCCA-5F5F-37AF-96C2-05413081778F}.MinSizeRel|Win32.Build.0 = MinSizeRel|Win32
		{A13ABCCA-5F5F-37AF-96C2-05413081778F}.Release|Win32.ActiveCfg = Release|Win32
		{A13ABCCA-5F5F-37AF-96C2-05413081778F}.Release|Win32.Build.0 = Release|Win32
		{A13ABCCA-5F5F-37AF-96C2-05413081778F}.RelWithDebInfo|Win32.ActiveCfg = RelWithDebInfo|Win32
		{A13ABCCA-5F5F-37AF-96C2-05413081778F}.RelWithDebInfo|Win32.Build.0 = RelWithDebInfo|Win32
	EndGlobalSection
	GlobalSection(SolutionProperties) = preSolution
		HideSolutionNode = FALSE
	EndGlobalSection
	GlobalSection(NestedProjects) = preSolution
		{28C2D4D5-54EB-3514-8467-01928849EB97} = {BD6C91F9-8ADD-3E0E-9A6F-1A6E16F33560}
		{CBC69FFD-67C7-30E3-82EF-E23014983402} = {93B3F353-42B6-3E76-A6E4-B4F251448E01}
		{0F59C1FF-4278-3DD3-9C31-F06C24582BAF} = {F96727C3-C3C9-3DE8-99DA-E95E62DDA2A6}
		{54C04BF6-804D-38D8-830E-FFD363A81AEE} = {61C3CB35-A70D-3C6E-9A3A-3CAD386A1542}
		{0D03C6A7-05AE-36FF-A03D-256B2DD74201} = {61C3CB35-A70D-3C6E-9A3A-3CAD386A1542}
		{34D04D2E-55E4-30F2-9881-5C43F0DC0823} = {61C3CB35-A70D-3C6E-9A3A-3CAD386A1542}
		{54EC8E0F-D144-3DFD-B44B-85EA4A688CC7} = {61C3CB35-A70D-3C6E-9A3A-3CAD386A1542}
		{AA0087AB-06A2-3469-A29E-83F5DD4EE0D5} = {61C3CB35-A70D-3C6E-9A3A-3CAD386A1542}
		{DB189DB1-FA62-3B5F-BA63-9744999F8C04} = {61C3CB35-A70D-3C6E-9A3A-3CAD386A1542}
		{D0C6381C-B76F-3CC5-B7B7-9A3DB3D483CC} = {61C3CB35-A70D-3C6E-9A3A-3CAD386A1542}
		{63FC8DE9-14AE-3F03-982D-F996F54407BD} = {61C3CB35-A70D-3C6E-9A3A-3CAD386A1542}
		{CE555305-694B-3223-9B9D-B7FB274D3037} = {61C3CB35-A70D-3C6E-9A3A-3CAD386A1542}
		{9A079D05-A2BD-3366-8359-CD221CCC4D0B} = {61C3CB35-A70D-3C6E-9A3A-3CAD386A1542}
		{A13ABCCA-5F5F-37AF-96C2-05413081778F} = {61C3CB35-A70D-3C6E-9A3A-3CAD386A1542}
	EndGlobalSection
	GlobalSection(ExtensibilityGlobals) = postSolution
		SolutionGuid = {B8CE916D-1142-397F-88B9-FE2F3C875F1B}
	EndGlobalSection
EndGlobal
